// !$*UTF8*$!
{
	archiveVersion = 1;
	classes = {
	};
	objectVersion = 46;
	objects = {

/* Begin PBXBuildFile section */
		703CF5D41CBF05AF0068E9EF /* main.m in Sources */ = {isa = PBXBuildFile; fileRef = 703CF5D31CBF05AF0068E9EF /* main.m */; };
		703CF5D71CBF05AF0068E9EF /* AppDelegate.m in Sources */ = {isa = PBXBuildFile; fileRef = 703CF5D61CBF05AF0068E9EF /* AppDelegate.m */; };
		703CF5DA1CBF05AF0068E9EF /* ViewController.m in Sources */ = {isa = PBXBuildFile; fileRef = 703CF5D91CBF05AF0068E9EF /* ViewController.m */; };
		703CF5DD1CBF05AF0068E9EF /* Main.storyboard in Resources */ = {isa = PBXBuildFile; fileRef = 703CF5DB1CBF05AF0068E9EF /* Main.storyboard */; };
		703CF5DF1CBF05AF0068E9EF /* Assets.xcassets in Resources */ = {isa = PBXBuildFile; fileRef = 703CF5DE1CBF05AF0068E9EF /* Assets.xcassets */; };
		703CF5E21CBF05AF0068E9EF /* LaunchScreen.storyboard in Resources */ = {isa = PBXBuildFile; fileRef = 703CF5E01CBF05AF0068E9EF /* LaunchScreen.storyboard */; };
		703CF5E71CBF05BE0068E9EF /* KZDojoFinderWebServiceClientLibrary.framework in Frameworks */ = {isa = PBXBuildFile; fileRef = 7057C1CB1CBDE48F006F43D2 /* KZDojoFinderWebServiceClientLibrary.framework */; };
		704046511CC757C80033B59C /* WebServiceConsumer.h in Headers */ = {isa = PBXBuildFile; fileRef = 704046501CC757C80033B59C /* WebServiceConsumer.h */; };
		704046591CC7AF6A0033B59C /* DefaultWebServiceDelegate.h in Headers */ = {isa = PBXBuildFile; fileRef = 704046571CC7AF6A0033B59C /* DefaultWebServiceDelegate.h */; };
		7040465A1CC7AF6A0033B59C /* DefaultWebServiceDelegate.m in Sources */ = {isa = PBXBuildFile; fileRef = 704046581CC7AF6A0033B59C /* DefaultWebServiceDelegate.m */; };
		7057C1CF1CBDE490006F43D2 /* KZDojoFinderWebServiceClientLibrary.h in Headers */ = {isa = PBXBuildFile; fileRef = 7057C1CE1CBDE490006F43D2 /* KZDojoFinderWebServiceClientLibrary.h */; settings = {ATTRIBUTES = (Public, ); }; };
		7057C1D81CBDE6A3006F43D2 /* DojoWebService.h in Headers */ = {isa = PBXBuildFile; fileRef = 7057C1D61CBDE6A3006F43D2 /* DojoWebService.h */; settings = {ATTRIBUTES = (Public, ); }; };
		7057C1D91CBDE6A3006F43D2 /* DojoWebService.m in Sources */ = {isa = PBXBuildFile; fileRef = 7057C1D71CBDE6A3006F43D2 /* DojoWebService.m */; };
		7057C1EA1CBDEB52006F43D2 /* DojoFinderWebService.plist in Resources */ = {isa = PBXBuildFile; fileRef = 7057C1E91CBDEB52006F43D2 /* DojoFinderWebService.plist */; };
		705DED1C1CBF60C5002D5081 /* DojoFinderWebServiceUtilites.h in Headers */ = {isa = PBXBuildFile; fileRef = 705DED1A1CBF60C5002D5081 /* DojoFinderWebServiceUtilites.h */; };
		705DED1D1CBF60C5002D5081 /* DojoFinderWebServiceUtilites.m in Sources */ = {isa = PBXBuildFile; fileRef = 705DED1B1CBF60C5002D5081 /* DojoFinderWebServiceUtilites.m */; };
		705DED1F1CBF6D00002D5081 /* KZDojoFinderLibrary.framework in Frameworks */ = {isa = PBXBuildFile; fileRef = 705DED1E1CBF6D00002D5081 /* KZDojoFinderLibrary.framework */; };
		705DED221CC06DC9002D5081 /* WSDojo.h in Headers */ = {isa = PBXBuildFile; fileRef = 705DED201CC06DC9002D5081 /* WSDojo.h */; settings = {ATTRIBUTES = (Public, ); }; };
		705DED231CC06DC9002D5081 /* WSDojo.m in Sources */ = {isa = PBXBuildFile; fileRef = 705DED211CC06DC9002D5081 /* WSDojo.m */; };
		705DED241CC07085002D5081 /* KZDojoFinderLibrary.framework in Frameworks */ = {isa = PBXBuildFile; fileRef = 705DED1E1CBF6D00002D5081 /* KZDojoFinderLibrary.framework */; };
		705DED261CC07E58002D5081 /* KZDojoFinderLibrary.framework in Embed Frameworks */ = {isa = PBXBuildFile; fileRef = 705DED1E1CBF6D00002D5081 /* KZDojoFinderLibrary.framework */; settings = {ATTRIBUTES = (CodeSignOnCopy, RemoveHeadersOnCopy, ); }; };
		705DED2A1CC0BC35002D5081 /* SessionWebService.h in Headers */ = {isa = PBXBuildFile; fileRef = 705DED281CC0BC35002D5081 /* SessionWebService.h */; settings = {ATTRIBUTES = (Public, ); }; };
		705DED2B1CC0BC35002D5081 /* SessionWebService.m in Sources */ = {isa = PBXBuildFile; fileRef = 705DED291CC0BC35002D5081 /* SessionWebService.m */; };
		705DED2E1CC0BD33002D5081 /* WSSession.h in Headers */ = {isa = PBXBuildFile; fileRef = 705DED2C1CC0BD32002D5081 /* WSSession.h */; settings = {ATTRIBUTES = (Public, ); }; };
		705DED2F1CC0BD33002D5081 /* WSSession.m in Sources */ = {isa = PBXBuildFile; fileRef = 705DED2D1CC0BD32002D5081 /* WSSession.m */; };
		70AAFD9A1CC1FC080013555B /* KZCoreLibrariesObjC.framework in Frameworks */ = {isa = PBXBuildFile; fileRef = 70AAFD991CC1FC080013555B /* KZCoreLibrariesObjC.framework */; };
		70AAFD9B1CC1FC080013555B /* KZCoreLibrariesObjC.framework in Embed Frameworks */ = {isa = PBXBuildFile; fileRef = 70AAFD991CC1FC080013555B /* KZCoreLibrariesObjC.framework */; settings = {ATTRIBUTES = (CodeSignOnCopy, RemoveHeadersOnCopy, ); }; };
		70AAFDA81CC604DD0013555B /* RegionContactWebService.h in Headers */ = {isa = PBXBuildFile; fileRef = 70AAFDA61CC604DD0013555B /* RegionContactWebService.h */; };
		70AAFDA91CC604DD0013555B /* RegionContactWebService.m in Sources */ = {isa = PBXBuildFile; fileRef = 70AAFDA71CC604DD0013555B /* RegionContactWebService.m */; };
		70AAFDAC1CC605DD0013555B /* WSRegionContact.h in Headers */ = {isa = PBXBuildFile; fileRef = 70AAFDAA1CC605DD0013555B /* WSRegionContact.h */; };
		70AAFDAD1CC605DD0013555B /* WSRegionContact.m in Sources */ = {isa = PBXBuildFile; fileRef = 70AAFDAB1CC605DD0013555B /* WSRegionContact.m */; };
		70AAFDDA1CC7461B0013555B /* WebServiceDelegate.h in Headers */ = {isa = PBXBuildFile; fileRef = 70AAFDD91CC7461B0013555B /* WebServiceDelegate.h */; };
		70AAFDDF1CC7494D0013555B /* WebService.h in Headers */ = {isa = PBXBuildFile; fileRef = 70AAFDDD1CC7494D0013555B /* WebService.h */; };
		70AAFDE01CC7494D0013555B /* WebService.m in Sources */ = {isa = PBXBuildFile; fileRef = 70AAFDDE1CC7494D0013555B /* WebService.m */; };
/* End PBXBuildFile section */

/* Begin PBXCopyFilesBuildPhase section */
		705DED271CC07E58002D5081 /* Embed Frameworks */ = {
			isa = PBXCopyFilesBuildPhase;
			buildActionMask = 2147483647;
			dstPath = "";
			dstSubfolderSpec = 10;
			files = (
				70AAFD9B1CC1FC080013555B /* KZCoreLibrariesObjC.framework in Embed Frameworks */,
				705DED261CC07E58002D5081 /* KZDojoFinderLibrary.framework in Embed Frameworks */,
			);
			name = "Embed Frameworks";
			runOnlyForDeploymentPostprocessing = 0;
		};
/* End PBXCopyFilesBuildPhase section */

/* Begin PBXFileReference section */
		703CF5D01CBF05AF0068E9EF /* TestWebService.app */ = {isa = PBXFileReference; explicitFileType = wrapper.application; includeInIndex = 0; path = TestWebService.app; sourceTree = BUILT_PRODUCTS_DIR; };
		703CF5D31CBF05AF0068E9EF /* main.m */ = {isa = PBXFileReference; lastKnownFileType = sourcecode.c.objc; path = main.m; sourceTree = "<group>"; };
		703CF5D51CBF05AF0068E9EF /* AppDelegate.h */ = {isa = PBXFileReference; lastKnownFileType = sourcecode.c.h; path = AppDelegate.h; sourceTree = "<group>"; };
		703CF5D61CBF05AF0068E9EF /* AppDelegate.m */ = {isa = PBXFileReference; lastKnownFileType = sourcecode.c.objc; path = AppDelegate.m; sourceTree = "<group>"; };
		703CF5D81CBF05AF0068E9EF /* ViewController.h */ = {isa = PBXFileReference; lastKnownFileType = sourcecode.c.h; path = ViewController.h; sourceTree = "<group>"; };
		703CF5D91CBF05AF0068E9EF /* ViewController.m */ = {isa = PBXFileReference; lastKnownFileType = sourcecode.c.objc; path = ViewController.m; sourceTree = "<group>"; };
		703CF5DC1CBF05AF0068E9EF /* Base */ = {isa = PBXFileReference; lastKnownFileType = file.storyboard; name = Base; path = Base.lproj/Main.storyboard; sourceTree = "<group>"; };
		703CF5DE1CBF05AF0068E9EF /* Assets.xcassets */ = {isa = PBXFileReference; lastKnownFileType = folder.assetcatalog; path = Assets.xcassets; sourceTree = "<group>"; };
		703CF5E11CBF05AF0068E9EF /* Base */ = {isa = PBXFileReference; lastKnownFileType = file.storyboard; name = Base; path = Base.lproj/LaunchScreen.storyboard; sourceTree = "<group>"; };
		703CF5E31CBF05AF0068E9EF /* Info.plist */ = {isa = PBXFileReference; lastKnownFileType = text.plist.xml; path = Info.plist; sourceTree = "<group>"; };
		704046501CC757C80033B59C /* WebServiceConsumer.h */ = {isa = PBXFileReference; fileEncoding = 4; lastKnownFileType = sourcecode.c.h; path = WebServiceConsumer.h; sourceTree = "<group>"; };
		704046571CC7AF6A0033B59C /* DefaultWebServiceDelegate.h */ = {isa = PBXFileReference; fileEncoding = 4; lastKnownFileType = sourcecode.c.h; path = DefaultWebServiceDelegate.h; sourceTree = "<group>"; };
		704046581CC7AF6A0033B59C /* DefaultWebServiceDelegate.m */ = {isa = PBXFileReference; fileEncoding = 4; lastKnownFileType = sourcecode.c.objc; path = DefaultWebServiceDelegate.m; sourceTree = "<group>"; };
		7057C1CB1CBDE48F006F43D2 /* KZDojoFinderWebServiceClientLibrary.framework */ = {isa = PBXFileReference; explicitFileType = wrapper.framework; includeInIndex = 0; path = KZDojoFinderWebServiceClientLibrary.framework; sourceTree = BUILT_PRODUCTS_DIR; };
		7057C1CE1CBDE490006F43D2 /* KZDojoFinderWebServiceClientLibrary.h */ = {isa = PBXFileReference; lastKnownFileType = sourcecode.c.h; path = KZDojoFinderWebServiceClientLibrary.h; sourceTree = "<group>"; };
		7057C1D01CBDE490006F43D2 /* Info.plist */ = {isa = PBXFileReference; lastKnownFileType = text.plist.xml; path = Info.plist; sourceTree = "<group>"; };
		7057C1D61CBDE6A3006F43D2 /* DojoWebService.h */ = {isa = PBXFileReference; fileEncoding = 4; lastKnownFileType = sourcecode.c.h; path = DojoWebService.h; sourceTree = "<group>"; };
		7057C1D71CBDE6A3006F43D2 /* DojoWebService.m */ = {isa = PBXFileReference; fileEncoding = 4; lastKnownFileType = sourcecode.c.objc; path = DojoWebService.m; sourceTree = "<group>"; };
		7057C1E91CBDEB52006F43D2 /* DojoFinderWebService.plist */ = {isa = PBXFileReference; fileEncoding = 4; lastKnownFileType = text.plist.xml; path = DojoFinderWebService.plist; sourceTree = "<group>"; };
		705DED1A1CBF60C5002D5081 /* DojoFinderWebServiceUtilites.h */ = {isa = PBXFileReference; fileEncoding = 4; lastKnownFileType = sourcecode.c.h; path = DojoFinderWebServiceUtilites.h; sourceTree = "<group>"; };
		705DED1B1CBF60C5002D5081 /* DojoFinderWebServiceUtilites.m */ = {isa = PBXFileReference; fileEncoding = 4; lastKnownFileType = sourcecode.c.objc; path = DojoFinderWebServiceUtilites.m; sourceTree = "<group>"; };
		705DED1E1CBF6D00002D5081 /* KZDojoFinderLibrary.framework */ = {isa = PBXFileReference; lastKnownFileType = wrapper.framework; name = KZDojoFinderLibrary.framework; path = Carthage/Build/iOS/KZDojoFinderLibrary.framework; sourceTree = "<group>"; };
		705DED201CC06DC9002D5081 /* WSDojo.h */ = {isa = PBXFileReference; fileEncoding = 4; lastKnownFileType = sourcecode.c.h; path = WSDojo.h; sourceTree = "<group>"; };
		705DED211CC06DC9002D5081 /* WSDojo.m */ = {isa = PBXFileReference; fileEncoding = 4; lastKnownFileType = sourcecode.c.objc; path = WSDojo.m; sourceTree = "<group>"; };
		705DED281CC0BC35002D5081 /* SessionWebService.h */ = {isa = PBXFileReference; fileEncoding = 4; lastKnownFileType = sourcecode.c.h; path = SessionWebService.h; sourceTree = "<group>"; };
		705DED291CC0BC35002D5081 /* SessionWebService.m */ = {isa = PBXFileReference; fileEncoding = 4; lastKnownFileType = sourcecode.c.objc; path = SessionWebService.m; sourceTree = "<group>"; };
		705DED2C1CC0BD32002D5081 /* WSSession.h */ = {isa = PBXFileReference; fileEncoding = 4; lastKnownFileType = sourcecode.c.h; path = WSSession.h; sourceTree = "<group>"; };
		705DED2D1CC0BD32002D5081 /* WSSession.m */ = {isa = PBXFileReference; fileEncoding = 4; lastKnownFileType = sourcecode.c.objc; path = WSSession.m; sourceTree = "<group>"; };
		70AAFD991CC1FC080013555B /* KZCoreLibrariesObjC.framework */ = {isa = PBXFileReference; lastKnownFileType = wrapper.framework; name = KZCoreLibrariesObjC.framework; path = Carthage/Build/iOS/KZCoreLibrariesObjC.framework; sourceTree = "<group>"; };
		70AAFDA61CC604DD0013555B /* RegionContactWebService.h */ = {isa = PBXFileReference; fileEncoding = 4; lastKnownFileType = sourcecode.c.h; path = RegionContactWebService.h; sourceTree = "<group>"; };
		70AAFDA71CC604DD0013555B /* RegionContactWebService.m */ = {isa = PBXFileReference; fileEncoding = 4; lastKnownFileType = sourcecode.c.objc; path = RegionContactWebService.m; sourceTree = "<group>"; };
		70AAFDAA1CC605DD0013555B /* WSRegionContact.h */ = {isa = PBXFileReference; fileEncoding = 4; lastKnownFileType = sourcecode.c.h; path = WSRegionContact.h; sourceTree = "<group>"; };
		70AAFDAB1CC605DD0013555B /* WSRegionContact.m */ = {isa = PBXFileReference; fileEncoding = 4; lastKnownFileType = sourcecode.c.objc; path = WSRegionContact.m; sourceTree = "<group>"; };
		70AAFDD91CC7461B0013555B /* WebServiceDelegate.h */ = {isa = PBXFileReference; fileEncoding = 4; lastKnownFileType = sourcecode.c.h; path = WebServiceDelegate.h; sourceTree = "<group>"; };
		70AAFDDD1CC7494D0013555B /* WebService.h */ = {isa = PBXFileReference; fileEncoding = 4; lastKnownFileType = sourcecode.c.h; path = WebService.h; sourceTree = "<group>"; };
		70AAFDDE1CC7494D0013555B /* WebService.m */ = {isa = PBXFileReference; fileEncoding = 4; lastKnownFileType = sourcecode.c.objc; path = WebService.m; sourceTree = "<group>"; };
/* End PBXFileReference section */

/* Begin PBXFrameworksBuildPhase section */
		703CF5CD1CBF05AF0068E9EF /* Frameworks */ = {
			isa = PBXFrameworksBuildPhase;
			buildActionMask = 2147483647;
			files = (
				703CF5E71CBF05BE0068E9EF /* KZDojoFinderWebServiceClientLibrary.framework in Frameworks */,
				705DED241CC07085002D5081 /* KZDojoFinderLibrary.framework in Frameworks */,
				70AAFD9A1CC1FC080013555B /* KZCoreLibrariesObjC.framework in Frameworks */,
			);
			runOnlyForDeploymentPostprocessing = 0;
		};
		7057C1C71CBDE48F006F43D2 /* Frameworks */ = {
			isa = PBXFrameworksBuildPhase;
			buildActionMask = 2147483647;
			files = (
				705DED1F1CBF6D00002D5081 /* KZDojoFinderLibrary.framework in Frameworks */,
			);
			runOnlyForDeploymentPostprocessing = 0;
		};
/* End PBXFrameworksBuildPhase section */

/* Begin PBXGroup section */
		703CF5D11CBF05AF0068E9EF /* TestWebService */ = {
			isa = PBXGroup;
			children = (
				703CF5D51CBF05AF0068E9EF /* AppDelegate.h */,
				703CF5D61CBF05AF0068E9EF /* AppDelegate.m */,
				703CF5D81CBF05AF0068E9EF /* ViewController.h */,
				703CF5D91CBF05AF0068E9EF /* ViewController.m */,
				703CF5DB1CBF05AF0068E9EF /* Main.storyboard */,
				703CF5DE1CBF05AF0068E9EF /* Assets.xcassets */,
				703CF5E01CBF05AF0068E9EF /* LaunchScreen.storyboard */,
				703CF5E31CBF05AF0068E9EF /* Info.plist */,
				703CF5D21CBF05AF0068E9EF /* Supporting Files */,
			);
			path = TestWebService;
			sourceTree = "<group>";
		};
		703CF5D21CBF05AF0068E9EF /* Supporting Files */ = {
			isa = PBXGroup;
			children = (
				703CF5D31CBF05AF0068E9EF /* main.m */,
			);
			name = "Supporting Files";
			sourceTree = "<group>";
		};
		7057C1C11CBDE48F006F43D2 = {
			isa = PBXGroup;
			children = (
				70AAFD991CC1FC080013555B /* KZCoreLibrariesObjC.framework */,
				705DED1E1CBF6D00002D5081 /* KZDojoFinderLibrary.framework */,
				7057C1CD1CBDE490006F43D2 /* KZDojoFinderWebServiceClientLibrary */,
				703CF5D11CBF05AF0068E9EF /* TestWebService */,
				7057C1CC1CBDE48F006F43D2 /* Products */,
			);
			sourceTree = "<group>";
		};
		7057C1CC1CBDE48F006F43D2 /* Products */ = {
			isa = PBXGroup;
			children = (
				7057C1CB1CBDE48F006F43D2 /* KZDojoFinderWebServiceClientLibrary.framework */,
				703CF5D01CBF05AF0068E9EF /* TestWebService.app */,
			);
			name = Products;
			sourceTree = "<group>";
		};
		7057C1CD1CBDE490006F43D2 /* KZDojoFinderWebServiceClientLibrary */ = {
			isa = PBXGroup;
			children = (
				70AAFDC81CC71E890013555B /* WebServices */,
				70AAFDC71CC71E740013555B /* Data */,
				7057C1CE1CBDE490006F43D2 /* KZDojoFinderWebServiceClientLibrary.h */,
				7057C1D01CBDE490006F43D2 /* Info.plist */,
				7057C1E91CBDEB52006F43D2 /* DojoFinderWebService.plist */,
			);
			path = KZDojoFinderWebServiceClientLibrary;
			sourceTree = "<group>";
		};
		70AAFDC71CC71E740013555B /* Data */ = {
			isa = PBXGroup;
			children = (
				705DED201CC06DC9002D5081 /* WSDojo.h */,
				705DED211CC06DC9002D5081 /* WSDojo.m */,
				705DED2C1CC0BD32002D5081 /* WSSession.h */,
				705DED2D1CC0BD32002D5081 /* WSSession.m */,
				70AAFDAA1CC605DD0013555B /* WSRegionContact.h */,
				70AAFDAB1CC605DD0013555B /* WSRegionContact.m */,
			);
			name = Data;
			sourceTree = "<group>";
		};
		70AAFDC81CC71E890013555B /* WebServices */ = {
			isa = PBXGroup;
			children = (
				7057C1D61CBDE6A3006F43D2 /* DojoWebService.h */,
				7057C1D71CBDE6A3006F43D2 /* DojoWebService.m */,
				705DED1A1CBF60C5002D5081 /* DojoFinderWebServiceUtilites.h */,
				705DED1B1CBF60C5002D5081 /* DojoFinderWebServiceUtilites.m */,
				705DED281CC0BC35002D5081 /* SessionWebService.h */,
				705DED291CC0BC35002D5081 /* SessionWebService.m */,
				70AAFDA61CC604DD0013555B /* RegionContactWebService.h */,
				70AAFDA71CC604DD0013555B /* RegionContactWebService.m */,
				70AAFDD91CC7461B0013555B /* WebServiceDelegate.h */,
				70AAFDDD1CC7494D0013555B /* WebService.h */,
				70AAFDDE1CC7494D0013555B /* WebService.m */,
				704046501CC757C80033B59C /* WebServiceConsumer.h */,
				704046571CC7AF6A0033B59C /* DefaultWebServiceDelegate.h */,
				704046581CC7AF6A0033B59C /* DefaultWebServiceDelegate.m */,
			);
			name = WebServices;
			sourceTree = "<group>";
		};
/* End PBXGroup section */

/* Begin PBXHeadersBuildPhase section */
		7057C1C81CBDE48F006F43D2 /* Headers */ = {
			isa = PBXHeadersBuildPhase;
			buildActionMask = 2147483647;
			files = (
				704046591CC7AF6A0033B59C /* DefaultWebServiceDelegate.h in Headers */,
				705DED221CC06DC9002D5081 /* WSDojo.h in Headers */,
				70AAFDAC1CC605DD0013555B /* WSRegionContact.h in Headers */,
				7057C1D81CBDE6A3006F43D2 /* DojoWebService.h in Headers */,
				705DED2A1CC0BC35002D5081 /* SessionWebService.h in Headers */,
				705DED2E1CC0BD33002D5081 /* WSSession.h in Headers */,
				7057C1CF1CBDE490006F43D2 /* KZDojoFinderWebServiceClientLibrary.h in Headers */,
				704046511CC757C80033B59C /* WebServiceConsumer.h in Headers */,
				705DED1C1CBF60C5002D5081 /* DojoFinderWebServiceUtilites.h in Headers */,
				70AAFDDF1CC7494D0013555B /* WebService.h in Headers */,
				70AAFDDA1CC7461B0013555B /* WebServiceDelegate.h in Headers */,
				70AAFDA81CC604DD0013555B /* RegionContactWebService.h in Headers */,
			);
			runOnlyForDeploymentPostprocessing = 0;
		};
/* End PBXHeadersBuildPhase section */

/* Begin PBXNativeTarget section */
		703CF5CF1CBF05AF0068E9EF /* TestWebService */ = {
			isa = PBXNativeTarget;
			buildConfigurationList = 703CF5E41CBF05AF0068E9EF /* Build configuration list for PBXNativeTarget "TestWebService" */;
			buildPhases = (
				703CF5CC1CBF05AF0068E9EF /* Sources */,
				703CF5CD1CBF05AF0068E9EF /* Frameworks */,
				703CF5CE1CBF05AF0068E9EF /* Resources */,
				705DED271CC07E58002D5081 /* Embed Frameworks */,
			);
			buildRules = (
			);
			dependencies = (
			);
			name = TestWebService;
			productName = TestWebService;
			productReference = 703CF5D01CBF05AF0068E9EF /* TestWebService.app */;
			productType = "com.apple.product-type.application";
		};
		7057C1CA1CBDE48F006F43D2 /* KZDojoFinderWebServiceClientLibrary */ = {
			isa = PBXNativeTarget;
			buildConfigurationList = 7057C1D31CBDE490006F43D2 /* Build configuration list for PBXNativeTarget "KZDojoFinderWebServiceClientLibrary" */;
			buildPhases = (
				7057C1C61CBDE48F006F43D2 /* Sources */,
				7057C1C71CBDE48F006F43D2 /* Frameworks */,
				7057C1C81CBDE48F006F43D2 /* Headers */,
				7057C1C91CBDE48F006F43D2 /* Resources */,
			);
			buildRules = (
			);
			dependencies = (
			);
			name = KZDojoFinderWebServiceClientLibrary;
			productName = KZDojoFinderWebServiceClientLibrary;
			productReference = 7057C1CB1CBDE48F006F43D2 /* KZDojoFinderWebServiceClientLibrary.framework */;
			productType = "com.apple.product-type.framework";
		};
/* End PBXNativeTarget section */

/* Begin PBXProject section */
		7057C1C21CBDE48F006F43D2 /* Project object */ = {
			isa = PBXProject;
			attributes = {
				LastUpgradeCheck = 0730;
				ORGANIZATIONNAME = KaiZen;
				TargetAttributes = {
					703CF5CF1CBF05AF0068E9EF = {
						CreatedOnToolsVersion = 7.3;
					};
					7057C1CA1CBDE48F006F43D2 = {
						CreatedOnToolsVersion = 7.3;
					};
				};
			};
			buildConfigurationList = 7057C1C51CBDE48F006F43D2 /* Build configuration list for PBXProject "KZDojoFinderWebServiceClientLibrary" */;
			compatibilityVersion = "Xcode 3.2";
			developmentRegion = English;
			hasScannedForEncodings = 0;
			knownRegions = (
				en,
				Base,
			);
			mainGroup = 7057C1C11CBDE48F006F43D2;
			productRefGroup = 7057C1CC1CBDE48F006F43D2 /* Products */;
			projectDirPath = "";
			projectRoot = "";
			targets = (
				7057C1CA1CBDE48F006F43D2 /* KZDojoFinderWebServiceClientLibrary */,
				703CF5CF1CBF05AF0068E9EF /* TestWebService */,
			);
		};
/* End PBXProject section */

/* Begin PBXResourcesBuildPhase section */
		703CF5CE1CBF05AF0068E9EF /* Resources */ = {
			isa = PBXResourcesBuildPhase;
			buildActionMask = 2147483647;
			files = (
				703CF5E21CBF05AF0068E9EF /* LaunchScreen.storyboard in Resources */,
				703CF5DF1CBF05AF0068E9EF /* Assets.xcassets in Resources */,
				703CF5DD1CBF05AF0068E9EF /* Main.storyboard in Resources */,
			);
			runOnlyForDeploymentPostprocessing = 0;
		};
		7057C1C91CBDE48F006F43D2 /* Resources */ = {
			isa = PBXResourcesBuildPhase;
			buildActionMask = 2147483647;
			files = (
				7057C1EA1CBDEB52006F43D2 /* DojoFinderWebService.plist in Resources */,
			);
			runOnlyForDeploymentPostprocessing = 0;
		};
/* End PBXResourcesBuildPhase section */

/* Begin PBXSourcesBuildPhase section */
		703CF5CC1CBF05AF0068E9EF /* Sources */ = {
			isa = PBXSourcesBuildPhase;
			buildActionMask = 2147483647;
			files = (
				703CF5DA1CBF05AF0068E9EF /* ViewController.m in Sources */,
				703CF5D71CBF05AF0068E9EF /* AppDelegate.m in Sources */,
				703CF5D41CBF05AF0068E9EF /* main.m in Sources */,
			);
			runOnlyForDeploymentPostprocessing = 0;
		};
		7057C1C61CBDE48F006F43D2 /* Sources */ = {
			isa = PBXSourcesBuildPhase;
			buildActionMask = 2147483647;
			files = (
				7040465A1CC7AF6A0033B59C /* DefaultWebServiceDelegate.m in Sources */,
				705DED231CC06DC9002D5081 /* WSDojo.m in Sources */,
				70AAFDAD1CC605DD0013555B /* WSRegionContact.m in Sources */,
				70AAFDA91CC604DD0013555B /* RegionContactWebService.m in Sources */,
				705DED2B1CC0BC35002D5081 /* SessionWebService.m in Sources */,
				7057C1D91CBDE6A3006F43D2 /* DojoWebService.m in Sources */,
				705DED2F1CC0BD33002D5081 /* WSSession.m in Sources */,
				70AAFDE01CC7494D0013555B /* WebService.m in Sources */,
				705DED1D1CBF60C5002D5081 /* DojoFinderWebServiceUtilites.m in Sources */,
			);
			runOnlyForDeploymentPostprocessing = 0;
		};
/* End PBXSourcesBuildPhase section */

/* Begin PBXVariantGroup section */
		703CF5DB1CBF05AF0068E9EF /* Main.storyboard */ = {
			isa = PBXVariantGroup;
			children = (
				703CF5DC1CBF05AF0068E9EF /* Base */,
			);
			name = Main.storyboard;
			sourceTree = "<group>";
		};
		703CF5E01CBF05AF0068E9EF /* LaunchScreen.storyboard */ = {
			isa = PBXVariantGroup;
			children = (
				703CF5E11CBF05AF0068E9EF /* Base */,
			);
			name = LaunchScreen.storyboard;
			sourceTree = "<group>";
		};
/* End PBXVariantGroup section */

/* Begin XCBuildConfiguration section */
		703CF5E51CBF05AF0068E9EF /* Debug */ = {
			isa = XCBuildConfiguration;
			buildSettings = {
				ASSETCATALOG_COMPILER_APPICON_NAME = AppIcon;
				FRAMEWORK_SEARCH_PATHS = (
					"$(inherited)",
					"$(PROJECT_DIR)/Carthage/Build/iOS",
				);
				INFOPLIST_FILE = TestWebService/Info.plist;
				LD_RUNPATH_SEARCH_PATHS = "$(inherited) @executable_path/Frameworks";
				PRODUCT_BUNDLE_IDENTIFIER = org.kaizen.TestWebService;
				PRODUCT_NAME = "$(TARGET_NAME)";
			};
			name = Debug;
		};
		703CF5E61CBF05AF0068E9EF /* Release */ = {
			isa = XCBuildConfiguration;
			buildSettings = {
				ASSETCATALOG_COMPILER_APPICON_NAME = AppIcon;
				FRAMEWORK_SEARCH_PATHS = (
					"$(inherited)",
					"$(PROJECT_DIR)/Carthage/Build/iOS",
				);
				INFOPLIST_FILE = TestWebService/Info.plist;
				LD_RUNPATH_SEARCH_PATHS = "$(inherited) @executable_path/Frameworks";
				PRODUCT_BUNDLE_IDENTIFIER = org.kaizen.TestWebService;
				PRODUCT_NAME = "$(TARGET_NAME)";
			};
			name = Release;
		};
		7057C1D11CBDE490006F43D2 /* Debug */ = {
			isa = XCBuildConfiguration;
			buildSettings = {
				ALWAYS_SEARCH_USER_PATHS = NO;
				CLANG_ANALYZER_NONNULL = YES;
				CLANG_CXX_LANGUAGE_STANDARD = "gnu++0x";
				CLANG_CXX_LIBRARY = "libc++";
				CLANG_ENABLE_MODULES = YES;
				CLANG_ENABLE_OBJC_ARC = YES;
				CLANG_WARN_BOOL_CONVERSION = YES;
				CLANG_WARN_CONSTANT_CONVERSION = YES;
				CLANG_WARN_DIRECT_OBJC_ISA_USAGE = YES_ERROR;
				CLANG_WARN_EMPTY_BODY = YES;
				CLANG_WARN_ENUM_CONVERSION = YES;
				CLANG_WARN_INT_CONVERSION = YES;
				CLANG_WARN_OBJC_ROOT_CLASS = YES_ERROR;
				CLANG_WARN_UNREACHABLE_CODE = YES;
				CLANG_WARN__DUPLICATE_METHOD_MATCH = YES;
				"CODE_SIGN_IDENTITY[sdk=iphoneos*]" = "iPhone Developer";
				COPY_PHASE_STRIP = NO;
				CURRENT_PROJECT_VERSION = 1;
				DEBUG_INFORMATION_FORMAT = dwarf;
				ENABLE_STRICT_OBJC_MSGSEND = YES;
				ENABLE_TESTABILITY = YES;
				GCC_C_LANGUAGE_STANDARD = gnu99;
				GCC_DYNAMIC_NO_PIC = NO;
				GCC_NO_COMMON_BLOCKS = YES;
				GCC_OPTIMIZATION_LEVEL = 0;
				GCC_PREPROCESSOR_DEFINITIONS = (
					"DEBUG=1",
					"$(inherited)",
				);
				GCC_WARN_64_TO_32_BIT_CONVERSION = YES;
				GCC_WARN_ABOUT_RETURN_TYPE = YES_ERROR;
				GCC_WARN_UNDECLARED_SELECTOR = YES;
				GCC_WARN_UNINITIALIZED_AUTOS = YES_AGGRESSIVE;
				GCC_WARN_UNUSED_FUNCTION = YES;
				GCC_WARN_UNUSED_VARIABLE = YES;
				IPHONEOS_DEPLOYMENT_TARGET = 9.3;
				MTL_ENABLE_DEBUG_INFO = YES;
				ONLY_ACTIVE_ARCH = YES;
				SDKROOT = iphoneos;
				TARGETED_DEVICE_FAMILY = "1,2";
				VERSIONING_SYSTEM = "apple-generic";
				VERSION_INFO_PREFIX = "";
			};
			name = Debug;
		};
		7057C1D21CBDE490006F43D2 /* Release */ = {
			isa = XCBuildConfiguration;
			buildSettings = {
				ALWAYS_SEARCH_USER_PATHS = NO;
				CLANG_ANALYZER_NONNULL = YES;
				CLANG_CXX_LANGUAGE_STANDARD = "gnu++0x";
				CLANG_CXX_LIBRARY = "libc++";
				CLANG_ENABLE_MODULES = YES;
				CLANG_ENABLE_OBJC_ARC = YES;
				CLANG_WARN_BOOL_CONVERSION = YES;
				CLANG_WARN_CONSTANT_CONVERSION = YES;
				CLANG_WARN_DIRECT_OBJC_ISA_USAGE = YES_ERROR;
				CLANG_WARN_EMPTY_BODY = YES;
				CLANG_WARN_ENUM_CONVERSION = YES;
				CLANG_WARN_INT_CONVERSION = YES;
				CLANG_WARN_OBJC_ROOT_CLASS = YES_ERROR;
				CLANG_WARN_UNREACHABLE_CODE = YES;
				CLANG_WARN__DUPLICATE_METHOD_MATCH = YES;
				"CODE_SIGN_IDENTITY[sdk=iphoneos*]" = "iPhone Developer";
				COPY_PHASE_STRIP = NO;
				CURRENT_PROJECT_VERSION = 1;
				DEBUG_INFORMATION_FORMAT = "dwarf-with-dsym";
				ENABLE_NS_ASSERTIONS = NO;
				ENABLE_STRICT_OBJC_MSGSEND = YES;
				GCC_C_LANGUAGE_STANDARD = gnu99;
				GCC_NO_COMMON_BLOCKS = YES;
				GCC_WARN_64_TO_32_BIT_CONVERSION = YES;
				GCC_WARN_ABOUT_RETURN_TYPE = YES_ERROR;
				GCC_WARN_UNDECLARED_SELECTOR = YES;
				GCC_WARN_UNINITIALIZED_AUTOS = YES_AGGRESSIVE;
				GCC_WARN_UNUSED_FUNCTION = YES;
				GCC_WARN_UNUSED_VARIABLE = YES;
				IPHONEOS_DEPLOYMENT_TARGET = 9.3;
				MTL_ENABLE_DEBUG_INFO = NO;
				SDKROOT = iphoneos;
				TARGETED_DEVICE_FAMILY = "1,2";
				VALIDATE_PRODUCT = YES;
				VERSIONING_SYSTEM = "apple-generic";
				VERSION_INFO_PREFIX = "";
			};
			name = Release;
		};
		7057C1D41CBDE490006F43D2 /* Debug */ = {
			isa = XCBuildConfiguration;
			buildSettings = {
				DEFINES_MODULE = YES;
				DYLIB_COMPATIBILITY_VERSION = 1;
				DYLIB_CURRENT_VERSION = 1;
				DYLIB_INSTALL_NAME_BASE = "@rpath";
				FRAMEWORK_SEARCH_PATHS = (
					"$(inherited)",
					"$(PROJECT_DIR)/Carthage/Build/iOS",
				);
				INFOPLIST_FILE = KZDojoFinderWebServiceClientLibrary/Info.plist;
				INSTALL_PATH = "$(LOCAL_LIBRARY_DIR)/Frameworks";
				LD_RUNPATH_SEARCH_PATHS = "$(inherited) @executable_path/Frameworks @loader_path/Frameworks";
				PRODUCT_BUNDLE_IDENTIFIER = org.kaizen.KZDojoFinderWebServiceClientLibrary;
				PRODUCT_NAME = "$(TARGET_NAME)";
				SKIP_INSTALL = YES;
			};
			name = Debug;
		};
		7057C1D51CBDE490006F43D2 /* Release */ = {
			isa = XCBuildConfiguration;
			buildSettings = {
				DEFINES_MODULE = YES;
				DYLIB_COMPATIBILITY_VERSION = 1;
				DYLIB_CURRENT_VERSION = 1;
				DYLIB_INSTALL_NAME_BASE = "@rpath";
				FRAMEWORK_SEARCH_PATHS = (
					"$(inherited)",
					"$(PROJECT_DIR)/Carthage/Build/iOS",
				);
				INFOPLIST_FILE = KZDojoFinderWebServiceClientLibrary/Info.plist;
				INSTALL_PATH = "$(LOCAL_LIBRARY_DIR)/Frameworks";
				LD_RUNPATH_SEARCH_PATHS = "$(inherited) @executable_path/Frameworks @loader_path/Frameworks";
				PRODUCT_BUNDLE_IDENTIFIER = org.kaizen.KZDojoFinderWebServiceClientLibrary;
				PRODUCT_NAME = "$(TARGET_NAME)";
				SKIP_INSTALL = YES;
			};
			name = Release;
		};
/* End XCBuildConfiguration section */

/* Begin XCConfigurationList section */
		703CF5E41CBF05AF0068E9EF /* Build configuration list for PBXNativeTarget "TestWebService" */ = {
			isa = XCConfigurationList;
			buildConfigurations = (
				703CF5E51CBF05AF0068E9EF /* Debug */,
				703CF5E61CBF05AF0068E9EF /* Release */,
			);
			defaultConfigurationIsVisible = 0;
			defaultConfigurationName = Release;
		};
		7057C1C51CBDE48F006F43D2 /* Build configuration list for PBXProject "KZDojoFinderWebServiceClientLibrary" */ = {
			isa = XCConfigurationList;
			buildConfigurations = (
				7057C1D11CBDE490006F43D2 /* Debug */,
				7057C1D21CBDE490006F43D2 /* Release */,
			);
			defaultConfigurationIsVisible = 0;
			defaultConfigurationName = Release;
		};
		7057C1D31CBDE490006F43D2 /* Build configuration list for PBXNativeTarget "KZDojoFinderWebServiceClientLibrary" */ = {
			isa = XCConfigurationList;
			buildConfigurations = (
				7057C1D41CBDE490006F43D2 /* Debug */,
				7057C1D51CBDE490006F43D2 /* Release */,
			);
			defaultConfigurationIsVisible = 0;
			defaultConfigurationName = Release;
		};
/* End XCConfigurationList section */
	};
	rootObject = 7057C1C21CBDE48F006F43D2 /* Project object */;
}
